PODS:
  - AppAuth (1.6.0):
    - AppAuth/Core (= 1.6.0)
    - AppAuth/ExternalUserAgent (= 1.6.0)
  - AppAuth/Core (1.6.0)
  - AppAuth/ExternalUserAgent (1.6.0):
    - AppAuth/Core
  - Firebase/Auth (9.5.0):
    - Firebase/CoreOnly
    - FirebaseAuth (~> 9.5.0)
  - Firebase/CoreOnly (9.5.0):
    - FirebaseCore (= 9.5.0)
  - Firebase/Storage (9.5.0):
    - Firebase/CoreOnly
    - FirebaseStorage (~> 9.5.0)
  - firebase_auth (3.9.0):
    - Firebase/Auth (= 9.5.0)
    - firebase_core
    - Flutter
  - firebase_core (1.22.0):
    - Firebase/CoreOnly (= 9.5.0)
    - Flutter
  - firebase_storage (10.3.8):
    - Firebase/Storage (= 9.5.0)
    - firebase_core
    - Flutter
  - FirebaseAppCheckInterop (9.6.0)
  - FirebaseAuth (9.5.0):
    - FirebaseCore (~> 9.0)
    - GoogleUtilities/AppDelegateSwizzler (~> 7.7)
    - GoogleUtilities/Environment (~> 7.7)
    - GTMSessionFetcher/Core (< 3.0, >= 1.7)
  - FirebaseAuthInterop (9.6.0)
  - FirebaseCore (9.5.0):
    - FirebaseCoreDiagnostics (~> 9.0)
    - FirebaseCoreInternal (~> 9.0)
    - GoogleUtilities/Environment (~> 7.7)
    - GoogleUtilities/Logger (~> 7.7)
  - FirebaseCoreDiagnostics (9.5.0):
    - GoogleDataTransport (< 10.0.0, >= 9.1.4)
    - GoogleUtilities/Environment (~> 7.7)
    - GoogleUtilities/Logger (~> 7.7)
    - nanopb (< 2.30910.0, >= 2.30908.0)
  - FirebaseCoreExtension (9.6.0):
    - FirebaseCore (~> 9.0)
  - FirebaseCoreInternal (9.5.0):
    - "GoogleUtilities/NSData+zlib (~> 7.7)"
  - FirebaseStorage (9.5.0):
    - FirebaseAppCheckInterop (~> 9.0)
    - FirebaseAuthInterop (~> 9.0)
    - FirebaseCore (~> 9.0)
    - FirebaseCoreExtension (~> 9.0)
    - FirebaseStorageInternal (~> 9.0)
  - FirebaseStorageInternal (9.6.0):
    - FirebaseCore (~> 9.0)
    - GTMSessionFetcher/Core (< 3.0, >= 1.7)
  - Flutter (1.0.0)
  - google_sign_in_ios (0.0.1):
    - Flutter
    - GoogleSignIn (~> 6.2)
  - GoogleDataTransport (9.2.0):
    - GoogleUtilities/Environment (~> 7.7)
    - nanopb (< 2.30910.0, >= 2.30908.0)
    - PromisesObjC (< 3.0, >= 1.2)
  - GoogleSignIn (6.2.4):
    - AppAuth (~> 1.5)
    - GTMAppAuth (~> 1.3)
    - GTMSessionFetcher/Core (< 3.0, >= 1.1)
  - GoogleUtilities/AppDelegateSwizzler (7.7.0):
    - GoogleUtilities/Environment
    - GoogleUtilities/Logger
    - GoogleUtilities/Network
  - GoogleUtilities/Environment (7.7.0):
    - PromisesObjC (< 3.0, >= 1.2)
  - GoogleUtilities/Logger (7.7.0):
    - GoogleUtilities/Environment
  - GoogleUtilities/Network (7.7.0):
    - GoogleUtilities/Logger
    - "GoogleUtilities/NSData+zlib"
    - GoogleUtilities/Reachability
  - "GoogleUtilities/NSData+zlib (7.7.0)"
  - GoogleUtilities/Reachability (7.7.0):
    - GoogleUtilities/Logger
  - GTMAppAuth (1.3.1):
    - AppAuth/Core (~> 1.6)
    - GTMSessionFetcher/Core (< 3.0, >= 1.5)
  - GTMSessionFetcher/Core (2.1.0)
  - nanopb (2.30909.0):
    - nanopb/decode (= 2.30909.0)
    - nanopb/encode (= 2.30909.0)
  - nanopb/decode (2.30909.0)
  - nanopb/encode (2.30909.0)
  - PromisesObjC (2.1.1)

DEPENDENCIES:
  - firebase_auth (from `.symlinks/plugins/firebase_auth/ios`)
  - firebase_core (from `.symlinks/plugins/firebase_core/ios`)
  - firebase_storage (from `.symlinks/plugins/firebase_storage/ios`)
  - Flutter (from `Flutter`)
  - google_sign_in_ios (from `.symlinks/plugins/google_sign_in_ios/ios`)

SPEC REPOS:
  trunk:
    - AppAuth
    - Firebase
    - FirebaseAppCheckInterop
    - FirebaseAuth
    - FirebaseAuthInterop
    - FirebaseCore
    - FirebaseCoreDiagnostics
    - FirebaseCoreExtension
    - FirebaseCoreInternal
    - FirebaseStorage
    - FirebaseStorageInternal
    - GoogleDataTransport
    - GoogleSignIn
    - GoogleUtilities
    - GTMAppAuth
    - GTMSessionFetcher
    - nanopb
    - PromisesObjC

EXTERNAL SOURCES:
  firebase_auth:
    :path: ".symlinks/plugins/firebase_auth/ios"
  firebase_core:
    :path: ".symlinks/plugins/firebase_core/ios"
  firebase_storage:
    :path: ".symlinks/plugins/firebase_storage/ios"
  Flutter:
    :path: Flutter
  google_sign_in_ios:
    :path: ".symlinks/plugins/google_sign_in_ios/ios"

SPEC CHECKSUMS:
  AppAuth: 8fca6b5563a5baef2c04bee27538025e4ceb2add
  Firebase: 800f16f07af493d98d017446a315c27af0552f41
  firebase_auth: c070c7e5b66037cddb73a68ca4bf4728b063680b
  firebase_core: 31872a49ffe0bf6f834e7044c7334e433536735a
  firebase_storage: e81dc988f10c31c4ec1b1c79719ad679795b531d
  FirebaseAppCheckInterop: d5ecda0c09f8069406643d6e0fa12c09d1b736e3
  FirebaseAuth: 741918f1fa62ed23246a509279f91d42d79a713f
  FirebaseAuthInterop: b6cf02117f13a8400c8c8b4421e12c6e850bcaf3
  FirebaseCore: 25c0400b670fd1e2f2104349cd3b5dcce8d9418f
  FirebaseCoreDiagnostics: 17cbf4e72b1dbd64bfdc33d4b1f07bce4f16f1d8
  FirebaseCoreExtension: e83465d1236b166d1d445bbf0e82b65acb30b73b
  FirebaseCoreInternal: 50a8e39cae8abf72d5145d07ea34c3244f70862b
  FirebaseStorage: a806d9f9eededf6fb1d906e79221b83ada1dbb4f
  FirebaseStorageInternal: 81d8a597324ccd06c41a43c5700bc1185a2fc328
  Flutter: f04841e97a9d0b0a8025694d0796dd46242b2854
  google_sign_in_ios: 4f85eb9f937450765c8573bb85fd8cd6a5af675c
  GoogleDataTransport: 1c8145da7117bd68bbbed00cf304edb6a24de00f
  GoogleSignIn: 5651ce3a61e56ca864160e79b484cd9ed3f49b7a
  GoogleUtilities: e0913149f6b0625b553d70dae12b49fc62914fd1
  GTMAppAuth: 0ff230db599948a9ad7470ca667337803b3fc4dd
  GTMSessionFetcher: ffbb25ec00ebcb5201adab0a56d808f6f1902d9f
  nanopb: b552cce312b6c8484180ef47159bc0f65a1f0431
  PromisesObjC: ab77feca74fa2823e7af4249b8326368e61014cb

PODFILE CHECKSUM: ef19549a9bc3046e7bb7d2fab4d021637c0c58a3

COCOAPODS: 1.11.3
